
Microsoft Visual Studio Solution File, Format Version 12.00
# Visual Studio Version 17
VisualStudioVersion = 17.6.33815.320
MinimumVisualStudioVersion = 10.0.40219.1
Project("{9A19103F-16F7-4668-BE54-9A1E7A4F7556}") = "WebApiAutores", "WebApiAutores\WebApiAutores.csproj", "{A7E56F3F-6C29-463F-A090-6A4B17D3B75A}"
EndProject
Project("{FAE04EC0-301F-11D3-BF4B-00C04F79EFBC}") = "WebApiAutores.Test", "WebApiAutores.Test\WebApiAutores.Test.csproj", "{A66C137E-233B-4239-8A90-32C880E9624D}"
EndProject
Global
	GlobalSection(SolutionConfigurationPlatforms) = preSolution
		Debug|Any CPU = Debug|Any CPU
		Release|Any CPU = Release|Any CPU
	EndGlobalSection
	GlobalSection(ProjectConfigurationPlatforms) = postSolution
		{A7E56F3F-6C29-463F-A090-6A4B17D3B75A}.Debug|Any CPU.ActiveCfg = Debug|Any CPU
		{A7E56F3F-6C29-463F-A090-6A4B17D3B75A}.Debug|Any CPU.Build.0 = Debug|Any CPU
		{A7E56F3F-6C29-463F-A090-6A4B17D3B75A}.Release|Any CPU.ActiveCfg = Release|Any CPU
		{A7E56F3F-6C29-463F-A090-6A4B17D3B75A}.Release|Any CPU.Build.0 = Release|Any CPU
		{A66C137E-233B-4239-8A90-32C880E9624D}.Debug|Any CPU.ActiveCfg = Debug|Any CPU
		{A66C137E-233B-4239-8A90-32C880E9624D}.Debug|Any CPU.Build.0 = Debug|Any CPU
		{A66C137E-233B-4239-8A90-32C880E9624D}.Release|Any CPU.ActiveCfg = Release|Any CPU
		{A66C137E-233B-4239-8A90-32C880E9624D}.Release|Any CPU.Build.0 = Release|Any CPU
	EndGlobalSection
	GlobalSection(SolutionProperties) = preSolution
		HideSolutionNode = FALSE
	EndGlobalSection
	GlobalSection(ExtensibilityGlobals) = postSolution
		SolutionGuid = {0C448143-80A5-4D6D-9B1F-709B7E32769A}
	EndGlobalSection
EndGlobal
